
Microsoft Visual Studio Solution File, Format Version 12.00
# Visual Studio 2013
VisualStudioVersion = 12.0.31101.0
MinimumVisualStudioVersion = 10.0.40219.1
Project("{2150E333-8FDC-42A3-9474-1A3956D46DE8}") = "Solvers", "Solvers", "{9A346C8B-6D33-4B91-9A76-404C3D324585}"
EndProject
Project("{8BC9CEB8-8B4A-11D0-8D11-00A0C91BC942}") = "stress", "Solvers\stress.vcxproj", "{5FF4DD83-CDE2-4792-9502-18F13A87E949}"
EndProject
Project("{8BC9CEB8-8B4A-11D0-8D11-00A0C91BC942}") = "fmath", "AdditionalModules\fmath.vcxproj", "{B792219A-126F-409C-B039-182AE9625D1B}"
EndProject
Project("{2150E333-8FDC-42A3-9474-1A3956D46DE8}") = "AdditionalModules", "AdditionalModules", "{583117AC-F92C-43CC-AFDC-1C472D5D4DE5}"
EndProject
Project("{8BC9CEB8-8B4A-11D0-8D11-00A0C91BC942}") = "RealsComparing", "AdditionalModules\RealsComparing.vcxproj", "{AFBC11A2-F77E-438B-B29C-C5393299B752}"
EndProject
Project("{8BC9CEB8-8B4A-11D0-8D11-00A0C91BC942}") = "Test", "Test\Test.vcxproj", "{76DD5414-8440-4909-9A19-A56F51A21645}"
EndProject
Global
	GlobalSection(SolutionConfigurationPlatforms) = preSolution
		Debug|Win32 = Debug|Win32
		Debug|x64 = Debug|x64
		DebugAVX|Win32 = DebugAVX|Win32
		DebugAVX|x64 = DebugAVX|x64
		DebugCUDA|Win32 = DebugCUDA|Win32
		DebugCUDA|x64 = DebugCUDA|x64
		Release|Win32 = Release|Win32
		Release|x64 = Release|x64
		ReleaseAVX|Win32 = ReleaseAVX|Win32
		ReleaseAVX|x64 = ReleaseAVX|x64
		ReleaseCUDA|Win32 = ReleaseCUDA|Win32
		ReleaseCUDA|x64 = ReleaseCUDA|x64
	EndGlobalSection
	GlobalSection(ProjectConfigurationPlatforms) = postSolution
		{5FF4DD83-CDE2-4792-9502-18F13A87E949}.Debug|Win32.ActiveCfg = Debug|Win32
		{5FF4DD83-CDE2-4792-9502-18F13A87E949}.Debug|Win32.Build.0 = Debug|Win32
		{5FF4DD83-CDE2-4792-9502-18F13A87E949}.Debug|x64.ActiveCfg = Debug|x64
		{5FF4DD83-CDE2-4792-9502-18F13A87E949}.Debug|x64.Build.0 = Debug|x64
		{5FF4DD83-CDE2-4792-9502-18F13A87E949}.DebugAVX|Win32.ActiveCfg = Debug|Win32
		{5FF4DD83-CDE2-4792-9502-18F13A87E949}.DebugAVX|Win32.Build.0 = Debug|Win32
		{5FF4DD83-CDE2-4792-9502-18F13A87E949}.DebugAVX|x64.ActiveCfg = Debug|x64
		{5FF4DD83-CDE2-4792-9502-18F13A87E949}.DebugAVX|x64.Build.0 = Debug|x64
		{5FF4DD83-CDE2-4792-9502-18F13A87E949}.DebugCUDA|Win32.ActiveCfg = Debug|Win32
		{5FF4DD83-CDE2-4792-9502-18F13A87E949}.DebugCUDA|Win32.Build.0 = Debug|Win32
		{5FF4DD83-CDE2-4792-9502-18F13A87E949}.DebugCUDA|x64.ActiveCfg = Debug|x64
		{5FF4DD83-CDE2-4792-9502-18F13A87E949}.DebugCUDA|x64.Build.0 = Debug|x64
		{5FF4DD83-CDE2-4792-9502-18F13A87E949}.Release|Win32.ActiveCfg = Release|Win32
		{5FF4DD83-CDE2-4792-9502-18F13A87E949}.Release|Win32.Build.0 = Release|Win32
		{5FF4DD83-CDE2-4792-9502-18F13A87E949}.Release|x64.ActiveCfg = Release|x64
		{5FF4DD83-CDE2-4792-9502-18F13A87E949}.Release|x64.Build.0 = Release|x64
		{5FF4DD83-CDE2-4792-9502-18F13A87E949}.ReleaseAVX|Win32.ActiveCfg = Release|Win32
		{5FF4DD83-CDE2-4792-9502-18F13A87E949}.ReleaseAVX|Win32.Build.0 = Release|Win32
		{5FF4DD83-CDE2-4792-9502-18F13A87E949}.ReleaseAVX|x64.ActiveCfg = Release|x64
		{5FF4DD83-CDE2-4792-9502-18F13A87E949}.ReleaseAVX|x64.Build.0 = Release|x64
		{5FF4DD83-CDE2-4792-9502-18F13A87E949}.ReleaseCUDA|Win32.ActiveCfg = Release|Win32
		{5FF4DD83-CDE2-4792-9502-18F13A87E949}.ReleaseCUDA|Win32.Build.0 = Release|Win32
		{5FF4DD83-CDE2-4792-9502-18F13A87E949}.ReleaseCUDA|x64.ActiveCfg = Release|x64
		{5FF4DD83-CDE2-4792-9502-18F13A87E949}.ReleaseCUDA|x64.Build.0 = Release|x64
		{B792219A-126F-409C-B039-182AE9625D1B}.Debug|Win32.ActiveCfg = Debug|Win32
		{B792219A-126F-409C-B039-182AE9625D1B}.Debug|Win32.Build.0 = Debug|Win32
		{B792219A-126F-409C-B039-182AE9625D1B}.Debug|x64.ActiveCfg = Debug|x64
		{B792219A-126F-409C-B039-182AE9625D1B}.Debug|x64.Build.0 = Debug|x64
		{B792219A-126F-409C-B039-182AE9625D1B}.DebugAVX|Win32.ActiveCfg = Debug|Win32
		{B792219A-126F-409C-B039-182AE9625D1B}.DebugAVX|Win32.Build.0 = Debug|Win32
		{B792219A-126F-409C-B039-182AE9625D1B}.DebugAVX|x64.ActiveCfg = Debug|x64
		{B792219A-126F-409C-B039-182AE9625D1B}.DebugAVX|x64.Build.0 = Debug|x64
		{B792219A-126F-409C-B039-182AE9625D1B}.DebugCUDA|Win32.ActiveCfg = Debug|Win32
		{B792219A-126F-409C-B039-182AE9625D1B}.DebugCUDA|Win32.Build.0 = Debug|Win32
		{B792219A-126F-409C-B039-182AE9625D1B}.DebugCUDA|x64.ActiveCfg = Debug|x64
		{B792219A-126F-409C-B039-182AE9625D1B}.DebugCUDA|x64.Build.0 = Debug|x64
		{B792219A-126F-409C-B039-182AE9625D1B}.Release|Win32.ActiveCfg = Release|Win32
		{B792219A-126F-409C-B039-182AE9625D1B}.Release|Win32.Build.0 = Release|Win32
		{B792219A-126F-409C-B039-182AE9625D1B}.Release|x64.ActiveCfg = Release|x64
		{B792219A-126F-409C-B039-182AE9625D1B}.Release|x64.Build.0 = Release|x64
		{B792219A-126F-409C-B039-182AE9625D1B}.ReleaseAVX|Win32.ActiveCfg = Release|Win32
		{B792219A-126F-409C-B039-182AE9625D1B}.ReleaseAVX|Win32.Build.0 = Release|Win32
		{B792219A-126F-409C-B039-182AE9625D1B}.ReleaseAVX|x64.ActiveCfg = Release|x64
		{B792219A-126F-409C-B039-182AE9625D1B}.ReleaseAVX|x64.Build.0 = Release|x64
		{B792219A-126F-409C-B039-182AE9625D1B}.ReleaseCUDA|Win32.ActiveCfg = Release|Win32
		{B792219A-126F-409C-B039-182AE9625D1B}.ReleaseCUDA|Win32.Build.0 = Release|Win32
		{B792219A-126F-409C-B039-182AE9625D1B}.ReleaseCUDA|x64.ActiveCfg = Release|x64
		{B792219A-126F-409C-B039-182AE9625D1B}.ReleaseCUDA|x64.Build.0 = Release|x64
		{AFBC11A2-F77E-438B-B29C-C5393299B752}.Debug|Win32.ActiveCfg = Debug|Win32
		{AFBC11A2-F77E-438B-B29C-C5393299B752}.Debug|Win32.Build.0 = Debug|Win32
		{AFBC11A2-F77E-438B-B29C-C5393299B752}.Debug|x64.ActiveCfg = Debug|x64
		{AFBC11A2-F77E-438B-B29C-C5393299B752}.Debug|x64.Build.0 = Debug|x64
		{AFBC11A2-F77E-438B-B29C-C5393299B752}.DebugAVX|Win32.ActiveCfg = Debug|Win32
		{AFBC11A2-F77E-438B-B29C-C5393299B752}.DebugAVX|Win32.Build.0 = Debug|Win32
		{AFBC11A2-F77E-438B-B29C-C5393299B752}.DebugAVX|x64.ActiveCfg = Debug|x64
		{AFBC11A2-F77E-438B-B29C-C5393299B752}.DebugAVX|x64.Build.0 = Debug|x64
		{AFBC11A2-F77E-438B-B29C-C5393299B752}.DebugCUDA|Win32.ActiveCfg = Debug|Win32
		{AFBC11A2-F77E-438B-B29C-C5393299B752}.DebugCUDA|Win32.Build.0 = Debug|Win32
		{AFBC11A2-F77E-438B-B29C-C5393299B752}.DebugCUDA|x64.ActiveCfg = Debug|x64
		{AFBC11A2-F77E-438B-B29C-C5393299B752}.DebugCUDA|x64.Build.0 = Debug|x64
		{AFBC11A2-F77E-438B-B29C-C5393299B752}.Release|Win32.ActiveCfg = Release|Win32
		{AFBC11A2-F77E-438B-B29C-C5393299B752}.Release|Win32.Build.0 = Release|Win32
		{AFBC11A2-F77E-438B-B29C-C5393299B752}.Release|x64.ActiveCfg = Release|x64
		{AFBC11A2-F77E-438B-B29C-C5393299B752}.Release|x64.Build.0 = Release|x64
		{AFBC11A2-F77E-438B-B29C-C5393299B752}.ReleaseAVX|Win32.ActiveCfg = Release|Win32
		{AFBC11A2-F77E-438B-B29C-C5393299B752}.ReleaseAVX|Win32.Build.0 = Release|Win32
		{AFBC11A2-F77E-438B-B29C-C5393299B752}.ReleaseAVX|x64.ActiveCfg = Release|x64
		{AFBC11A2-F77E-438B-B29C-C5393299B752}.ReleaseAVX|x64.Build.0 = Release|x64
		{AFBC11A2-F77E-438B-B29C-C5393299B752}.ReleaseCUDA|Win32.ActiveCfg = Release|Win32
		{AFBC11A2-F77E-438B-B29C-C5393299B752}.ReleaseCUDA|Win32.Build.0 = Release|Win32
		{AFBC11A2-F77E-438B-B29C-C5393299B752}.ReleaseCUDA|x64.ActiveCfg = Release|x64
		{AFBC11A2-F77E-438B-B29C-C5393299B752}.ReleaseCUDA|x64.Build.0 = Release|x64
		{76DD5414-8440-4909-9A19-A56F51A21645}.Debug|Win32.ActiveCfg = Debug|Win32
		{76DD5414-8440-4909-9A19-A56F51A21645}.Debug|Win32.Build.0 = Debug|Win32
		{76DD5414-8440-4909-9A19-A56F51A21645}.Debug|x64.ActiveCfg = Debug|x64
		{76DD5414-8440-4909-9A19-A56F51A21645}.Debug|x64.Build.0 = Debug|x64
		{76DD5414-8440-4909-9A19-A56F51A21645}.DebugAVX|Win32.ActiveCfg = Debug|Win32
		{76DD5414-8440-4909-9A19-A56F51A21645}.DebugAVX|Win32.Build.0 = Debug|Win32
		{76DD5414-8440-4909-9A19-A56F51A21645}.DebugAVX|x64.ActiveCfg = Debug|Win32
		{76DD5414-8440-4909-9A19-A56F51A21645}.DebugCUDA|Win32.ActiveCfg = Debug|Win32
		{76DD5414-8440-4909-9A19-A56F51A21645}.DebugCUDA|Win32.Build.0 = Debug|Win32
		{76DD5414-8440-4909-9A19-A56F51A21645}.DebugCUDA|x64.ActiveCfg = Debug|Win32
		{76DD5414-8440-4909-9A19-A56F51A21645}.Release|Win32.ActiveCfg = Release|Win32
		{76DD5414-8440-4909-9A19-A56F51A21645}.Release|Win32.Build.0 = Release|Win32
		{76DD5414-8440-4909-9A19-A56F51A21645}.Release|x64.ActiveCfg = Release|x64
		{76DD5414-8440-4909-9A19-A56F51A21645}.Release|x64.Build.0 = Release|x64
		{76DD5414-8440-4909-9A19-A56F51A21645}.ReleaseAVX|Win32.ActiveCfg = Release|Win32
		{76DD5414-8440-4909-9A19-A56F51A21645}.ReleaseAVX|Win32.Build.0 = Release|Win32
		{76DD5414-8440-4909-9A19-A56F51A21645}.ReleaseAVX|x64.ActiveCfg = Release|Win32
		{76DD5414-8440-4909-9A19-A56F51A21645}.ReleaseCUDA|Win32.ActiveCfg = Release|Win32
		{76DD5414-8440-4909-9A19-A56F51A21645}.ReleaseCUDA|Win32.Build.0 = Release|Win32
		{76DD5414-8440-4909-9A19-A56F51A21645}.ReleaseCUDA|x64.ActiveCfg = Release|Win32
	EndGlobalSection
	GlobalSection(SolutionProperties) = preSolution
		HideSolutionNode = FALSE
	EndGlobalSection
	GlobalSection(NestedProjects) = preSolution
		{5FF4DD83-CDE2-4792-9502-18F13A87E949} = {9A346C8B-6D33-4B91-9A76-404C3D324585}
		{B792219A-126F-409C-B039-182AE9625D1B} = {583117AC-F92C-43CC-AFDC-1C472D5D4DE5}
		{AFBC11A2-F77E-438B-B29C-C5393299B752} = {583117AC-F92C-43CC-AFDC-1C472D5D4DE5}
	EndGlobalSection
EndGlobal
