<?xml version="1.0" encoding="utf-8"?>
<Project ToolsVersion="4.0" xmlns="http://schemas.microsoft.com/developer/msbuild/2003">
  <ItemGroup>
    <Filter Include="Source Files">
      <UniqueIdentifier>{4FC737F1-C7A5-4376-A066-2A32D752A2FF}</UniqueIdentifier>
      <Extensions>cpp;c;cc;cxx;def;odl;idl;hpj;bat;asm;asmx</Extensions>
    </Filter>
    <Filter Include="Header Files">
      <UniqueIdentifier>{93995380-89BD-4b04-88EB-625FBE52EBFB}</UniqueIdentifier>
      <Extensions>h;hpp;hxx;hm;inl;inc;xsd</Extensions>
    </Filter>
    <Filter Include="Resource Files">
      <UniqueIdentifier>{67DA6AB6-F800-4c08-8B7A-83BB121AAD01}</UniqueIdentifier>
      <Extensions>rc;ico;cur;bmp;dlg;rc2;rct;bin;rgs;gif;jpg;jpeg;jpe;resx;tiff;tif;png;wav</Extensions>
    </Filter>
  </ItemGroup>
  <ItemGroup>
    <ClCompile Include="..\..\Solvers\OilMist\OilMistSolverBase.cpp">
      <Filter>Source Files</Filter>
    </ClCompile>
    <ClCompile Include="..\..\Solvers\OilMist\OilMistSolverCPUBase.cpp">
      <Filter>Source Files</Filter>
    </ClCompile>
    <ClCompile Include="..\..\Solvers\OilMist\OilMistSolverExports.cpp">
      <Filter>Source Files</Filter>
    </ClCompile>
    <ClCompile Include="..\..\Solvers\OilMist\BoundaryParams.cpp">
      <Filter>Source Files</Filter>
    </ClCompile>
    <ClCompile Include="..\..\Solvers\OilMist\OilMistSpecialParams.cpp">
      <Filter>Source Files</Filter>
    </ClCompile>
    <ClCompile Include="..\..\Solvers\OilMist\OilMistSolverOptimized.cpp">
      <Filter>Source Files</Filter>
    </ClCompile>
    <ClCompile Include="..\..\Solvers\OilMist\AbstractOilMistSolver.cpp">
      <Filter>Source Files</Filter>
    </ClCompile>
    <ClCompile Include="..\..\Solvers\OilMist\OilMistSolverCreator.cpp">
      <Filter>Source Files</Filter>
    </ClCompile>
  </ItemGroup>
  <ItemGroup>
    <ClInclude Include="..\..\Solvers\OilMist\IOilMistSolver.h">
      <Filter>Header Files</Filter>
    </ClInclude>
    <ClInclude Include="..\..\Solvers\OilMist\OilMistSolverBase.h">
      <Filter>Header Files</Filter>
    </ClInclude>
    <ClInclude Include="..\..\Solvers\OilMist\OilMistSolverCPUBase.h">
      <Filter>Header Files</Filter>
    </ClInclude>
    <ClInclude Include="..\..\Solvers\OilMist\OilMistSolverExports.h">
      <Filter>Header Files</Filter>
    </ClInclude>
    <ClInclude Include="..\..\Solvers\OilMist\BoundaryParams.h">
      <Filter>Header Files</Filter>
    </ClInclude>
    <ClInclude Include="..\..\Solvers\OilMist\BoundaryParams.hpp">
      <Filter>Header Files</Filter>
    </ClInclude>
    <ClInclude Include="..\..\Solvers\OilMist\OilMistSpecialParams.h">
      <Filter>Header Files</Filter>
    </ClInclude>
    <ClInclude Include="..\..\Solvers\OilMist\OilMistSolverOptimized.h">
      <Filter>Header Files</Filter>
    </ClInclude>
    <ClInclude Include="..\..\Solvers\OilMist\AbstractOilMistSolver.h">
      <Filter>Header Files</Filter>
    </ClInclude>
    <ClInclude Include="..\..\Solvers\OilMist\OilMistSolverCreator.h">
      <Filter>Header Files</Filter>
    </ClInclude>
  </ItemGroup>
</Project>