<?xml version="1.0" encoding="utf-8"?>
<Project ToolsVersion="4.0" xmlns="http://schemas.microsoft.com/developer/msbuild/2003">
  <ItemGroup>
    <Filter Include="Source Files">
      <UniqueIdentifier>{4FC737F1-C7A5-4376-A066-2A32D752A2FF}</UniqueIdentifier>
      <Extensions>cpp;c;cc;cxx;def;odl;idl;hpj;bat;asm;asmx</Extensions>
    </Filter>
    <Filter Include="Source Files\Memory">
      <UniqueIdentifier>{7d6aa2c6-6971-4c67-a9fb-2cc16484cfa3}</UniqueIdentifier>
    </Filter>
    <Filter Include="Header Files">
      <UniqueIdentifier>{93995380-89BD-4b04-88EB-625FBE52EBFB}</UniqueIdentifier>
      <Extensions>h;hpp;hxx;hm;inl;inc;xsd</Extensions>
    </Filter>
    <Filter Include="Resource Files">
      <UniqueIdentifier>{67DA6AB6-F800-4c08-8B7A-83BB121AAD01}</UniqueIdentifier>
      <Extensions>rc;ico;cur;bmp;dlg;rc2;rct;bin;rgs;gif;jpg;jpeg;jpe;resx;tiff;tif;png;wav</Extensions>
    </Filter>
    <Filter Include="Header Files\StiffnessMatrix">
      <UniqueIdentifier>{dd1ef433-6e13-4000-b8e2-06749963ca5d}</UniqueIdentifier>
    </Filter>
    <Filter Include="Header Files\Memory">
      <UniqueIdentifier>{9100f884-a7d6-4f8b-87da-28f79bf69d0a}</UniqueIdentifier>
    </Filter>
    <Filter Include="Source Files\StiffnessMatrix">
      <UniqueIdentifier>{bed9678e-d89a-45f8-bbd4-9d21c0a6d964}</UniqueIdentifier>
    </Filter>
  </ItemGroup>
  <ItemGroup>
    <ClCompile Include="..\..\Solvers\Stress\BoundaryParams.cpp">
      <Filter>Source Files</Filter>
    </ClCompile>
    <ClCompile Include="..\..\Solvers\Stress\CsrSymmetricMatrix.cpp">
      <Filter>Source Files</Filter>
    </ClCompile>
    <ClCompile Include="..\..\Solvers\Stress\PardisoSolver.cpp">
      <Filter>Source Files</Filter>
    </ClCompile>
    <ClCompile Include="..\..\Solvers\Stress\StressStrainCppIterativeSolver.cpp">
      <Filter>Source Files</Filter>
    </ClCompile>
    <ClCompile Include="..\..\Solvers\Stress\StressStrainCppSolver.cpp">
      <Filter>Source Files</Filter>
    </ClCompile>
    <ClCompile Include="..\..\Solvers\Stress\StressStrainFortranIterativeSolver.cpp">
      <Filter>Source Files</Filter>
    </ClCompile>
    <ClCompile Include="..\..\Solvers\Stress\StressStrainFortranSolver.cpp">
      <Filter>Source Files</Filter>
    </ClCompile>
    <ClCompile Include="..\..\Solvers\Stress\StressStrainFortranStaticsSolver.cpp">
      <Filter>Source Files</Filter>
    </ClCompile>
    <ClCompile Include="..\..\Solvers\Stress\StressStrainSolver.cpp">
      <Filter>Source Files</Filter>
    </ClCompile>
    <ClCompile Include="..\..\Solvers\stress\StressStrainSolverExports.cpp">
      <Filter>Source Files</Filter>
    </ClCompile>
    <ClCompile Include="..\..\Solvers\Stress\RegularMemory.cpp">
      <Filter>Source Files\Memory</Filter>
    </ClCompile>
    <ClCompile Include="..\..\Solvers\Stress\StiffnessMatrix.cpp">
      <Filter>Source Files\StiffnessMatrix</Filter>
    </ClCompile>
    <ClCompile Include="..\..\Solvers\Stress\StiffnessMatrixPackedInCoordinateFormat.cpp">
      <Filter>Source Files\StiffnessMatrix</Filter>
    </ClCompile>
    <ClCompile Include="..\..\Solvers\Stress\StiffnessMatrices.cpp">
      <Filter>Source Files\StiffnessMatrix</Filter>
    </ClCompile>
    <ClCompile Include="..\..\Solvers\Stress\StiffnessMatrixPackedInCSCFormat.cpp">
      <Filter>Source Files\StiffnessMatrix</Filter>
    </ClCompile>
    <ClCompile Include="..\..\Solvers\Stress\StiffnessRHS.cpp">
      <Filter>Source Files\StiffnessMatrix</Filter>
    </ClCompile>
    <ClCompile Include="..\..\Solvers\Stress\StressStrainFortranStaticSolver2.cpp">
      <Filter>Source Files</Filter>
    </ClCompile>
    <ClCompile Include="..\..\Fcore\Exceptions\fcExceptions.cpp">
      <Filter>Source Files</Filter>
    </ClCompile>
  </ItemGroup>
  <ItemGroup>
    <ClInclude Include="..\..\Solvers\Stress\BoundaryParams.h">
      <Filter>Header Files</Filter>
    </ClInclude>
    <ClInclude Include="..\..\Solvers\Stress\CsrSymmetricMatrix.h">
      <Filter>Header Files</Filter>
    </ClInclude>
    <ClInclude Include="..\..\Solvers\Stress\FTimer.h">
      <Filter>Header Files</Filter>
    </ClInclude>
    <ClInclude Include="..\..\Solvers\Stress\IStressStrainSolver.h">
      <Filter>Header Files</Filter>
    </ClInclude>
    <ClInclude Include="..\..\Solvers\Stress\PardisoSolver.h">
      <Filter>Header Files</Filter>
    </ClInclude>
    <ClInclude Include="..\..\Solvers\Stress\StressStrainCppIterativeSolver.h">
      <Filter>Header Files</Filter>
    </ClInclude>
    <ClInclude Include="..\..\Solvers\Stress\StressStrainCppSolver.h">
      <Filter>Header Files</Filter>
    </ClInclude>
    <ClInclude Include="..\..\Solvers\Stress\StressStrainFortranIterativeSolver.h">
      <Filter>Header Files</Filter>
    </ClInclude>
    <ClInclude Include="..\..\Solvers\stress\StressStrainFortranSolver.h">
      <Filter>Header Files</Filter>
    </ClInclude>
    <ClInclude Include="..\..\Solvers\Stress\StressStrainFortranStaticsSolver.h">
      <Filter>Header Files</Filter>
    </ClInclude>
    <ClInclude Include="..\..\Solvers\Stress\StressStrainSolver.h">
      <Filter>Header Files</Filter>
    </ClInclude>
    <ClInclude Include="..\..\Solvers\Stress\StressStrainSolverExports.h">
      <Filter>Header Files</Filter>
    </ClInclude>
    <ClInclude Include="..\..\Solvers\Stress\StiffnessMatrix.h">
      <Filter>Header Files\StiffnessMatrix</Filter>
    </ClInclude>
    <ClInclude Include="..\..\Solvers\Stress\IMemory.h">
      <Filter>Header Files\Memory</Filter>
    </ClInclude>
    <ClInclude Include="..\..\Solvers\Stress\RegularMemory.h">
      <Filter>Header Files\Memory</Filter>
    </ClInclude>
    <ClInclude Include="..\..\Solvers\Stress\IMemoryAllocator.h">
      <Filter>Header Files\Memory</Filter>
    </ClInclude>
    <ClInclude Include="..\..\Solvers\Stress\RegularMemoryAllocator.h">
      <Filter>Header Files\Memory</Filter>
    </ClInclude>
    <ClInclude Include="..\..\Solvers\Stress\StiffnessMatrixPackedInCoordinateFormat.h">
      <Filter>Header Files\StiffnessMatrix</Filter>
    </ClInclude>
    <ClInclude Include="..\..\Solvers\Stress\StiffnessMatrices.h">
      <Filter>Header Files\StiffnessMatrix</Filter>
    </ClInclude>
    <ClInclude Include="..\..\Solvers\Stress\StiffnessMatricesFunctions.h">
      <Filter>Header Files\StiffnessMatrix</Filter>
    </ClInclude>
    <ClInclude Include="..\..\Solvers\Stress\StiffnessMatrixIO.h">
      <Filter>Header Files\StiffnessMatrix</Filter>
    </ClInclude>
    <ClInclude Include="..\..\Solvers\Stress\StiffnessMatrixFileFormat.h">
      <Filter>Header Files\StiffnessMatrix</Filter>
    </ClInclude>
    <ClInclude Include="..\..\Solvers\Stress\StiffnessMatrixFileFormatList.h">
      <Filter>Header Files\StiffnessMatrix</Filter>
    </ClInclude>
    <ClInclude Include="..\..\Solvers\Stress\StiffnessMatrixIO.hpp">
      <Filter>Source Files\StiffnessMatrix</Filter>
    </ClInclude>
    <ClInclude Include="..\..\Solvers\Stress\StiffnessMatrixPackedInCSCFormat.h">
      <Filter>Header Files\StiffnessMatrix</Filter>
    </ClInclude>
    <ClInclude Include="..\..\Solvers\Stress\AuxiliaryStressStuff.h">
      <Filter>Header Files</Filter>
    </ClInclude>
    <ClInclude Include="..\..\Solvers\Stress\StiffnessRHS.h">
      <Filter>Header Files\StiffnessMatrix</Filter>
    </ClInclude>
    <ClInclude Include="..\..\Solvers\Stress\StressStrainFortranStaticSolver2.h">
      <Filter>Header Files</Filter>
    </ClInclude>
  </ItemGroup>
</Project>