<?xml version="1.0" encoding="utf-8"?>
<Project ToolsVersion="4.0" xmlns="http://schemas.microsoft.com/developer/msbuild/2003">
  <ItemGroup>
    <Filter Include="Source Files">
      <UniqueIdentifier>{4FC737F1-C7A5-4376-A066-2A32D752A2FF}</UniqueIdentifier>
      <Extensions>cpp;c;cc;cxx;def;odl;idl;hpj;bat;asm;asmx</Extensions>
    </Filter>
    <Filter Include="Header Files">
      <UniqueIdentifier>{93995380-89BD-4b04-88EB-625FBE52EBFB}</UniqueIdentifier>
      <Extensions>h;hpp;hxx;hm;inl;inc;xsd</Extensions>
    </Filter>
    <Filter Include="Header Files\CpuSolver">
      <UniqueIdentifier>{3638c833-14ac-40a6-bb70-270933b38901}</UniqueIdentifier>
    </Filter>
    <Filter Include="Source Files\CpuSolver">
      <UniqueIdentifier>{1425f785-ab45-4c5e-a397-0fdfaa851932}</UniqueIdentifier>
    </Filter>
  </ItemGroup>
  <ItemGroup>
    <ClCompile Include="..\..\Solvers\Stress\RotationSolver.cpp">
      <Filter>Source Files\CpuSolver</Filter>
    </ClCompile>
    <ClCompile Include="..\..\Solvers\Stress\StressStrainCppIterativeSolver.cpp">
      <Filter>Source Files\CpuSolver</Filter>
    </ClCompile>
    <ClCompile Include="..\..\Solvers\Stress\StressStrainCppSolver.cpp">
      <Filter>Source Files\CpuSolver</Filter>
    </ClCompile>
    <ClCompile Include="..\..\Solvers\Stress\StressStrainSolver.cpp">
      <Filter>Source Files\CpuSolver</Filter>
    </ClCompile>
    <ClCompile Include="..\..\Solvers\stress\StressStrainSolverExports.cpp">
      <Filter>Source Files\CpuSolver</Filter>
    </ClCompile>
    <ClCompile Include="..\..\Solvers\Stress\BoundaryParams.cpp">
      <Filter>Source Files\CpuSolver</Filter>
    </ClCompile>
    <ClCompile Include="..\..\Solvers\Stress\StressStrainCppIterativeSolverAVX.cpp">
      <Filter>Source Files\CpuSolver</Filter>
    </ClCompile>
    <ClCompile Include="..\..\Solvers\Stress\StressStrainCppIterativeSolverFMA.cpp">
      <Filter>Source Files\CpuSolver</Filter>
    </ClCompile>
    <ClCompile Include="..\..\Solvers\Stress\StressStrainCppIterativeSolverKNC.cpp">
      <Filter>Source Files\CpuSolver</Filter>
    </ClCompile>
    <ClCompile Include="..\..\Solvers\Stress\StressStrainCppIterativeSolverKNC2.cpp">
      <Filter>Source Files</Filter>
    </ClCompile>
    <ClCompile Include="..\..\Solvers\Stress\StressStrainCppIterativeSolverOpenCL.cpp">
      <Filter>Source Files</Filter>
    </ClCompile>
    <ClCompile Include="..\..\Solvers\Stress\StressStrainCppIterativeSolverPlain.cpp">
      <Filter>Source Files\CpuSolver</Filter>
    </ClCompile>
    <ClCompile Include="..\..\Solvers\Stress\MathF.cpp">
      <Filter>Source Files</Filter>
    </ClCompile>
    <ClCompile Include="..\..\Solvers\Stress\RotationSolverAVX.cpp">
      <Filter>Source Files</Filter>
    </ClCompile>
  </ItemGroup>
  <ItemGroup>
    <ClInclude Include="..\..\Solvers\Stress\FTimer.h">
      <Filter>Header Files</Filter>
    </ClInclude>
    <ClInclude Include="..\..\Solvers\Stress\AuxiliaryStressStuff.h">
      <Filter>Header Files</Filter>
    </ClInclude>
    <ClInclude Include="..\..\Solvers\Stress\IStressStrainSolver.h">
      <Filter>Header Files\CpuSolver</Filter>
    </ClInclude>
    <ClInclude Include="..\..\Solvers\Stress\RotationSolver.h">
      <Filter>Header Files\CpuSolver</Filter>
    </ClInclude>
    <ClInclude Include="..\..\Solvers\Stress\StressStrainCppIterativeSolver.h">
      <Filter>Header Files\CpuSolver</Filter>
    </ClInclude>
    <ClInclude Include="..\..\Solvers\Stress\StressStrainCppSolver.h">
      <Filter>Header Files\CpuSolver</Filter>
    </ClInclude>
    <ClInclude Include="..\..\Solvers\Stress\StressStrainSolver.h">
      <Filter>Header Files\CpuSolver</Filter>
    </ClInclude>
    <ClInclude Include="..\..\Solvers\Stress\StressStrainSolverExports.h">
      <Filter>Header Files\CpuSolver</Filter>
    </ClInclude>
    <ClInclude Include="..\..\Solvers\Stress\BoundaryParams.h">
      <Filter>Header Files\CpuSolver</Filter>
    </ClInclude>
    <ClInclude Include="..\..\Solvers\Stress\StressStrainCppIterativeSolverAVX.h">
      <Filter>Header Files\CpuSolver</Filter>
    </ClInclude>
    <ClInclude Include="..\..\Solvers\Stress\StressStrainCppIterativeSolverFMA.h">
      <Filter>Header Files\CpuSolver</Filter>
    </ClInclude>
    <ClInclude Include="..\..\Solvers\Stress\Common.h">
      <Filter>Header Files</Filter>
    </ClInclude>
    <ClInclude Include="..\..\Solvers\Stress\StressStrainCppIterativeSolverKNC.h">
      <Filter>Header Files\CpuSolver</Filter>
    </ClInclude>
    <ClInclude Include="..\..\Solvers\Stress\StressStrainCppIterativeSolverKNC2.h">
      <Filter>Header Files</Filter>
    </ClInclude>
    <ClInclude Include="..\..\Solvers\Stress\StressStrainCppIterativeSolverOpenCL.h">
      <Filter>Header Files</Filter>
    </ClInclude>
    <ClInclude Include="..\..\Solvers\Stress\StressStrainCppIterativeSolverPlain.h">
      <Filter>Header Files\CpuSolver</Filter>
    </ClInclude>
    <ClInclude Include="..\..\Solvers\Stress\MathF.h">
      <Filter>Header Files</Filter>
    </ClInclude>
    <ClInclude Include="..\..\Solvers\Stress\timeMeasure.h">
      <Filter>Header Files</Filter>
    </ClInclude>
    <ClInclude Include="..\..\Solvers\Stress\RotationSolverAVX.h">
      <Filter>Header Files</Filter>
    </ClInclude>
  </ItemGroup>
  <ItemGroup>
    <None Include="..\..\Solvers\Stress\OpenCLSolverKernels.cl" />
  </ItemGroup>
</Project>