<?xml version="1.0" encoding="utf-8"?>
<Project ToolsVersion="4.0" xmlns="http://schemas.microsoft.com/developer/msbuild/2003">
  <ItemGroup>
    <Filter Include="Source Files">
      <UniqueIdentifier>{4FC737F1-C7A5-4376-A066-2A32D752A2FF}</UniqueIdentifier>
      <Extensions>cpp;c;cc;cxx;def;odl;idl;hpj;bat;asm;asmx</Extensions>
    </Filter>
    <Filter Include="Header Files">
      <UniqueIdentifier>{93995380-89BD-4b04-88EB-625FBE52EBFB}</UniqueIdentifier>
      <Extensions>h;hh;hpp;hxx;hm;inl;inc;xsd</Extensions>
    </Filter>
    <Filter Include="Source Files\StressSolverTests">
      <UniqueIdentifier>{30372889-b8b5-4010-8201-5707102ce18f}</UniqueIdentifier>
    </Filter>
    <Filter Include="Source Files\Exporters">
      <UniqueIdentifier>{09c0c15b-5765-453d-9914-4c5f6a210404}</UniqueIdentifier>
    </Filter>
    <Filter Include="Header Files\Exporters">
      <UniqueIdentifier>{067e8c64-2075-415b-8a4b-dc0229e91360}</UniqueIdentifier>
    </Filter>
    <Filter Include="Header Files\StressSolverTests">
      <UniqueIdentifier>{f13cbbea-aec6-4af4-ab27-4675d83184a4}</UniqueIdentifier>
    </Filter>
  </ItemGroup>
  <ItemGroup>
    <ClInclude Include="..\..\Test\CommonSolvers.h">
      <Filter>Header Files</Filter>
    </ClInclude>
    <ClInclude Include="..\..\Test\CommonSolversTest.h">
      <Filter>Header Files</Filter>
    </ClInclude>
    <ClInclude Include="..\..\Test\ComparativeTest.h">
      <Filter>Header Files</Filter>
    </ClInclude>
    <ClInclude Include="..\..\Test\StressSolver.h">
      <Filter>Header Files</Filter>
    </ClInclude>
    <ClInclude Include="..\..\Test\StressSolverTest.h">
      <Filter>Header Files</Filter>
    </ClInclude>
    <ClInclude Include="..\..\Test\BlenderExporter.h">
      <Filter>Header Files\Exporters</Filter>
    </ClInclude>
    <ClInclude Include="..\..\Test\ChartsExporter.h">
      <Filter>Header Files\Exporters</Filter>
    </ClInclude>
    <ClInclude Include="..\..\Test\BaseExporter.h">
      <Filter>Header Files\Exporters</Filter>
    </ClInclude>
    <ClInclude Include="..\..\Test\TestFactory.h">
      <Filter>Header Files\StressSolverTests</Filter>
    </ClInclude>
    <ClInclude Include="..\..\Test\MprExporter.h">
      <Filter>Header Files\Exporters</Filter>
    </ClInclude>
    <ClInclude Include="..\..\Test\DummyExporter.h">
      <Filter>Header Files\Exporters</Filter>
    </ClInclude>
    <ClInclude Include="..\..\Test\FrameChartsExporter.h">
      <Filter>Header Files\Exporters</Filter>
    </ClInclude>
  </ItemGroup>
  <ItemGroup>
    <ClCompile Include="..\..\Test\CommonSolvers.cpp">
      <Filter>Source Files</Filter>
    </ClCompile>
    <ClCompile Include="..\..\Test\CommonSolversTest.cpp">
      <Filter>Source Files</Filter>
    </ClCompile>
    <ClCompile Include="..\..\Test\ComparativeTest.cpp">
      <Filter>Source Files</Filter>
    </ClCompile>
    <ClCompile Include="..\..\Test\main.cpp">
      <Filter>Source Files</Filter>
    </ClCompile>
    <ClCompile Include="..\..\Test\StressSolver.cpp">
      <Filter>Source Files</Filter>
    </ClCompile>
    <ClCompile Include="..\..\Test\StressSolverTest.cpp">
      <Filter>Source Files</Filter>
    </ClCompile>
    <ClCompile Include="..\..\Test\Test1x1x3.cpp">
      <Filter>Source Files\StressSolverTests</Filter>
    </ClCompile>
    <ClCompile Include="..\..\Test\BlenderExporter.cpp">
      <Filter>Source Files\Exporters</Filter>
    </ClCompile>
    <ClCompile Include="..\..\Test\ChartsExporter.cpp">
      <Filter>Source Files\Exporters</Filter>
    </ClCompile>
    <ClCompile Include="..\..\Test\TestFactory.cpp">
      <Filter>Source Files\StressSolverTests</Filter>
    </ClCompile>
    <ClCompile Include="..\..\Test\MprExporter.cpp">
      <Filter>Source Files\Exporters</Filter>
    </ClCompile>
    <ClCompile Include="..\..\Test\Test10x1x3.cpp">
      <Filter>Source Files\StressSolverTests</Filter>
    </ClCompile>
    <ClCompile Include="..\..\Test\Test10x3x1.cpp">
      <Filter>Source Files\StressSolverTests</Filter>
    </ClCompile>
    <ClCompile Include="..\..\Test\Test10x3x3.cpp">
      <Filter>Source Files\StressSolverTests</Filter>
    </ClCompile>
    <ClCompile Include="..\..\Test\Test1x10x10.cpp">
      <Filter>Source Files\StressSolverTests</Filter>
    </ClCompile>
    <ClCompile Include="..\..\Test\Test1x11x11.cpp">
      <Filter>Source Files\StressSolverTests</Filter>
    </ClCompile>
    <ClCompile Include="..\..\Test\DummyExporter.cpp">
      <Filter>Source Files\Exporters</Filter>
    </ClCompile>
    <ClCompile Include="..\..\Test\Test1x51x51.cpp">
      <Filter>Source Files\StressSolverTests</Filter>
    </ClCompile>
    <ClCompile Include="..\..\Test\Test10x5x5.cpp">
      <Filter>Source Files\StressSolverTests</Filter>
    </ClCompile>
    <ClCompile Include="..\..\Test\Test10x7x7.cpp">
      <Filter>Source Files\StressSolverTests</Filter>
    </ClCompile>
    <ClCompile Include="..\..\Test\Test10x5x5_2.cpp">
      <Filter>Source Files\StressSolverTests</Filter>
    </ClCompile>
    <ClCompile Include="..\..\Test\Test50x5x5.cpp">
      <Filter>Source Files\StressSolverTests</Filter>
    </ClCompile>
    <ClCompile Include="..\..\Test\Test50x5x5_2.cpp">
      <Filter>Source Files\StressSolverTests</Filter>
    </ClCompile>
    <ClCompile Include="..\..\Test\FrameChartsExporter.cpp">
      <Filter>Source Files\Exporters</Filter>
    </ClCompile>
    <ClCompile Include="..\..\Test\Test10x1x1.cpp">
      <Filter>Source Files\StressSolverTests</Filter>
    </ClCompile>
    <ClCompile Include="..\..\Test\Test1x100x100a.cpp">
      <Filter>Source Files\StressSolverTests</Filter>
    </ClCompile>
    <ClCompile Include="..\..\Test\Test1x22x22a.cpp">
      <Filter>Source Files\StressSolverTests</Filter>
    </ClCompile>
    <ClCompile Include="..\..\Test\Test1x44x44a.cpp">
      <Filter>Source Files\StressSolverTests</Filter>
    </ClCompile>
    <ClCompile Include="..\..\Test\Test1x66x66a.cpp">
      <Filter>Source Files\StressSolverTests</Filter>
    </ClCompile>
  </ItemGroup>
</Project>